
Microsoft Visual Studio Solution File, Format Version 12.00
# Visual Studio Version 17
VisualStudioVersion = 17.3.32922.545
MinimumVisualStudioVersion = 10.0.40219.1
Project("{9A19103F-16F7-4668-BE54-9A1E7A4F7556}") = "Buecher_6700970", "Buecher_6700970\Buecher_6700970.csproj", "{2F961163-1139-439B-B602-5B36A6F176DE}"
EndProject
Project("{9A19103F-16F7-4668-BE54-9A1E7A4F7556}") = "BuchDatenbank", "BuecherDatenbank\BuchDatenbank.csproj", "{3881B618-5E4B-4E01-9FDD-AFAA190E313B}"
EndProject
Global
	GlobalSection(SolutionConfigurationPlatforms) = preSolution
		Debug|Any CPU = Debug|Any CPU
		Release|Any CPU = Release|Any CPU
	EndGlobalSection
	GlobalSection(ProjectConfigurationPlatforms) = postSolution
		{2F961163-1139-439B-B602-5B36A6F176DE}.Debug|Any CPU.ActiveCfg = Debug|Any CPU
		{2F961163-1139-439B-B602-5B36A6F176DE}.Debug|Any CPU.Build.0 = Debug|Any CPU
		{2F961163-1139-439B-B602-5B36A6F176DE}.Release|Any CPU.ActiveCfg = Release|Any CPU
		{2F961163-1139-439B-B602-5B36A6F176DE}.Release|Any CPU.Build.0 = Release|Any CPU
		{3881B618-5E4B-4E01-9FDD-AFAA190E313B}.Debug|Any CPU.ActiveCfg = Debug|Any CPU
		{3881B618-5E4B-4E01-9FDD-AFAA190E313B}.Debug|Any CPU.Build.0 = Debug|Any CPU
		{3881B618-5E4B-4E01-9FDD-AFAA190E313B}.Release|Any CPU.ActiveCfg = Release|Any CPU
		{3881B618-5E4B-4E01-9FDD-AFAA190E313B}.Release|Any CPU.Build.0 = Release|Any CPU
	EndGlobalSection
	GlobalSection(SolutionProperties) = preSolution
		HideSolutionNode = FALSE
	EndGlobalSection
	GlobalSection(ExtensibilityGlobals) = postSolution
		SolutionGuid = {21636A19-8430-440F-B584-2D0FEE631B49}
	EndGlobalSection
EndGlobal
