
Microsoft Visual Studio Solution File, Format Version 12.00
# Visual Studio Version 17
VisualStudioVersion = 17.1.32328.378
MinimumVisualStudioVersion = 10.0.40219.1
Project("{9A19103F-16F7-4668-BE54-9A1E7A4F7556}") = "SqlExekutor", "SqlExekutor\SqlExekutor.csproj", "{7308D7D3-C0F2-4C5A-8648-921B79849F01}"
EndProject
Project("{9A19103F-16F7-4668-BE54-9A1E7A4F7556}") = "FahrzeugeMVC", "FahrzeugeMVC\FahrzeugeMVC.csproj", "{E4B16DE3-40F8-4D59-B3D5-D921D386E8F1}"
EndProject
Project("{9A19103F-16F7-4668-BE54-9A1E7A4F7556}") = "FahrzeugDatenbank", "FahrzeugDatenbank\FahrzeugDatenbank.csproj", "{78B0D075-256B-4852-8CF0-A5843C09A968}"
EndProject
Project("{9A19103F-16F7-4668-BE54-9A1E7A4F7556}") = "Fahrzeuge", "Fahrzeuge\Fahrzeuge.csproj", "{EBFFCD3E-A761-4BA3-BF3E-507B73806019}"
EndProject
Project("{9A19103F-16F7-4668-BE54-9A1E7A4F7556}") = "SetzeAnzahlRaederTest1", "SetzeAnzahlRaederTest1\SetzeAnzahlRaederTest1.csproj", "{A29BAC4C-85F1-4019-A71C-45C04F4C2672}"
EndProject
Project("{9A19103F-16F7-4668-BE54-9A1E7A4F7556}") = "SetzeAnzahlRaederTest2", "SetzeAnzahlRaederTest2\SetzeAnzahlRaederTest2.csproj", "{E4C8A658-13E0-4D3C-BB89-757ED6D46150}"
EndProject
Project("{9A19103F-16F7-4668-BE54-9A1E7A4F7556}") = "FahrzeugeWPF", "FahrzeugeWPF\FahrzeugeWPF.csproj", "{4BC29C3D-C931-4D03-8616-E6BD73265141}"
EndProject
Project("{2150E333-8FDC-42A3-9474-1A3956D46DE8}") = "Solution Items", "Solution Items", "{BFC029F3-0999-413E-B6D9-555C7BDEE4FB}"
	ProjectSection(SolutionItems) = preProject
		.editorconfig = .editorconfig
	EndProjectSection
EndProject
Global
	GlobalSection(SolutionConfigurationPlatforms) = preSolution
		Debug|Any CPU = Debug|Any CPU
		Release|Any CPU = Release|Any CPU
	EndGlobalSection
	GlobalSection(ProjectConfigurationPlatforms) = postSolution
		{7308D7D3-C0F2-4C5A-8648-921B79849F01}.Debug|Any CPU.ActiveCfg = Debug|Any CPU
		{7308D7D3-C0F2-4C5A-8648-921B79849F01}.Debug|Any CPU.Build.0 = Debug|Any CPU
		{7308D7D3-C0F2-4C5A-8648-921B79849F01}.Release|Any CPU.ActiveCfg = Release|Any CPU
		{7308D7D3-C0F2-4C5A-8648-921B79849F01}.Release|Any CPU.Build.0 = Release|Any CPU
		{E4B16DE3-40F8-4D59-B3D5-D921D386E8F1}.Debug|Any CPU.ActiveCfg = Debug|Any CPU
		{E4B16DE3-40F8-4D59-B3D5-D921D386E8F1}.Debug|Any CPU.Build.0 = Debug|Any CPU
		{E4B16DE3-40F8-4D59-B3D5-D921D386E8F1}.Release|Any CPU.ActiveCfg = Release|Any CPU
		{E4B16DE3-40F8-4D59-B3D5-D921D386E8F1}.Release|Any CPU.Build.0 = Release|Any CPU
		{78B0D075-256B-4852-8CF0-A5843C09A968}.Debug|Any CPU.ActiveCfg = Debug|Any CPU
		{78B0D075-256B-4852-8CF0-A5843C09A968}.Debug|Any CPU.Build.0 = Debug|Any CPU
		{78B0D075-256B-4852-8CF0-A5843C09A968}.Release|Any CPU.ActiveCfg = Release|Any CPU
		{78B0D075-256B-4852-8CF0-A5843C09A968}.Release|Any CPU.Build.0 = Release|Any CPU
		{EBFFCD3E-A761-4BA3-BF3E-507B73806019}.Debug|Any CPU.ActiveCfg = Debug|Any CPU
		{EBFFCD3E-A761-4BA3-BF3E-507B73806019}.Debug|Any CPU.Build.0 = Debug|Any CPU
		{EBFFCD3E-A761-4BA3-BF3E-507B73806019}.Release|Any CPU.ActiveCfg = Release|Any CPU
		{EBFFCD3E-A761-4BA3-BF3E-507B73806019}.Release|Any CPU.Build.0 = Release|Any CPU
		{A29BAC4C-85F1-4019-A71C-45C04F4C2672}.Debug|Any CPU.ActiveCfg = Debug|Any CPU
		{A29BAC4C-85F1-4019-A71C-45C04F4C2672}.Debug|Any CPU.Build.0 = Debug|Any CPU
		{A29BAC4C-85F1-4019-A71C-45C04F4C2672}.Release|Any CPU.ActiveCfg = Release|Any CPU
		{A29BAC4C-85F1-4019-A71C-45C04F4C2672}.Release|Any CPU.Build.0 = Release|Any CPU
		{E4C8A658-13E0-4D3C-BB89-757ED6D46150}.Debug|Any CPU.ActiveCfg = Debug|Any CPU
		{E4C8A658-13E0-4D3C-BB89-757ED6D46150}.Debug|Any CPU.Build.0 = Debug|Any CPU
		{E4C8A658-13E0-4D3C-BB89-757ED6D46150}.Release|Any CPU.ActiveCfg = Release|Any CPU
		{E4C8A658-13E0-4D3C-BB89-757ED6D46150}.Release|Any CPU.Build.0 = Release|Any CPU
		{4BC29C3D-C931-4D03-8616-E6BD73265141}.Debug|Any CPU.ActiveCfg = Debug|Any CPU
		{4BC29C3D-C931-4D03-8616-E6BD73265141}.Debug|Any CPU.Build.0 = Debug|Any CPU
		{4BC29C3D-C931-4D03-8616-E6BD73265141}.Release|Any CPU.ActiveCfg = Release|Any CPU
		{4BC29C3D-C931-4D03-8616-E6BD73265141}.Release|Any CPU.Build.0 = Release|Any CPU
	EndGlobalSection
	GlobalSection(SolutionProperties) = preSolution
		HideSolutionNode = FALSE
	EndGlobalSection
	GlobalSection(ExtensibilityGlobals) = postSolution
		SolutionGuid = {2949698A-349F-4B99-A43C-10362E4F4B4C}
	EndGlobalSection
EndGlobal
